// !$*UTF8*$!
{
	archiveVersion = 1;
	classes = {
	};
	objectVersion = 46;
	objects = {

/* Begin PBXBuildFile section */
		035FD21913CA6C6B001B211D /* UIKit.framework in Frameworks */ = {isa = PBXBuildFile; fileRef = 035FD21813CA6C6B001B211D /* UIKit.framework */; };
		035FD21B13CA6C6B001B211D /* Foundation.framework in Frameworks */ = {isa = PBXBuildFile; fileRef = 035FD21A13CA6C6B001B211D /* Foundation.framework */; };
		035FD21D13CA6C6B001B211D /* CoreGraphics.framework in Frameworks */ = {isa = PBXBuildFile; fileRef = 035FD21C13CA6C6B001B211D /* CoreGraphics.framework */; };
		035FD22313CA6C6B001B211D /* InfoPlist.strings in Resources */ = {isa = PBXBuildFile; fileRef = 035FD22113CA6C6B001B211D /* InfoPlist.strings */; };
		035FD22513CA6C6B001B211D /* main.m in Sources */ = {isa = PBXBuildFile; fileRef = 035FD22413CA6C6B001B211D /* main.m */; };
		035FD22913CA6C6B001B211D /* ExampleAppiOSAppDelegate.m in Sources */ = {isa = PBXBuildFile; fileRef = 035FD22813CA6C6B001B211D /* ExampleAppiOSAppDelegate.m */; };
		035FD22C13CA6C6B001B211D /* MainWindow.xib in Resources */ = {isa = PBXBuildFile; fileRef = 035FD22A13CA6C6B001B211D /* MainWindow.xib */; };
		035FD22F13CA6C6B001B211D /* ExampleAppiOSViewController.m in Sources */ = {isa = PBXBuildFile; fileRef = 035FD22E13CA6C6B001B211D /* ExampleAppiOSViewController.m */; };
		035FD23213CA6C6B001B211D /* ExampleAppiOSViewController.xib in Resources */ = {isa = PBXBuildFile; fileRef = 035FD23013CA6C6B001B211D /* ExampleAppiOSViewController.xib */; };
/* End PBXBuildFile section */

/* Begin PBXFileReference section */
		035FD21413CA6C6B001B211D /* ExampleAppiOS.app */ = {isa = PBXFileReference; explicitFileType = wrapper.application; includeInIndex = 0; path = ExampleAppiOS.app; sourceTree = BUILT_PRODUCTS_DIR; };
		035FD21813CA6C6B001B211D /* UIKit.framework */ = {isa = PBXFileReference; lastKnownFileType = wrapper.framework; name = UIKit.framework; path = System/Library/Frameworks/UIKit.framework; sourceTree = SDKROOT; };
		035FD21A13CA6C6B001B211D /* Foundation.framework */ = {isa = PBXFileReference; lastKnownFileType = wrapper.framework; name = Foundation.framework; path = System/Library/Frameworks/Foundation.framework; sourceTree = SDKROOT; };
		035FD21C13CA6C6B001B211D /* CoreGraphics.framework */ = {isa = PBXFileReference; lastKnownFileType = wrapper.framework; name = CoreGraphics.framework; path = System/Library/Frameworks/CoreGraphics.framework; sourceTree = SDKROOT; };
		035FD22013CA6C6B001B211D /* ExampleAppiOS-Info.plist */ = {isa = PBXFileReference; path = "ExampleAppiOS-Info.plist"; sourceTree = "<group>"; };
		035FD22213CA6C6B001B211D /* en */ = {isa = PBXFileReference; lastKnownFileType = text.plist.strings; name = en; path = en.lproj/InfoPlist.strings; sourceTree = "<group>"; };
		035FD22413CA6C6B001B211D /* main.m */ = {isa = PBXFileReference; lastKnownFileType = sourcecode.c.objc; path = main.m; sourceTree = "<group>"; };
		035FD22613CA6C6B001B211D /* ExampleAppiOS-Prefix.pch */ = {isa = PBXFileReference; path = "ExampleAppiOS-Prefix.pch"; sourceTree = "<group>"; };
		035FD22713CA6C6B001B211D /* ExampleAppiOSAppDelegate.h */ = {isa = PBXFileReference; path = ExampleAppiOSAppDelegate.h; sourceTree = "<group>"; };
		035FD22813CA6C6B001B211D /* ExampleAppiOSAppDelegate.m */ = {isa = PBXFileReference; lastKnownFileType = sourcecode.c.objc; path = ExampleAppiOSAppDelegate.m; sourceTree = "<group>"; };
		035FD22B13CA6C6B001B211D /* en */ = {isa = PBXFileReference; lastKnownFileType = file.xib; name = en; path = en.lproj/MainWindow.xib; sourceTree = "<group>"; };
		035FD22D13CA6C6B001B211D /* ExampleAppiOSViewController.h */ = {isa = PBXFileReference; path = ExampleAppiOSViewController.h; sourceTree = "<group>"; };
		035FD22E13CA6C6B001B211D /* ExampleAppiOSViewController.m */ = {isa = PBXFileReference; lastKnownFileType = sourcecode.c.objc; path = ExampleAppiOSViewController.m; sourceTree = "<group>"; };
		035FD23113CA6C6B001B211D /* en */ = {isa = PBXFileReference; lastKnownFileType = file.xib; name = en; path = en.lproj/ExampleAppiOSViewController.xib; sourceTree = "<group>"; };
/* End PBXFileReference section */

/* Begin PBXFrameworksBuildPhase section */
		035FD21113CA6C6B001B211D /* Frameworks */ = {
			isa = PBXFrameworksBuildPhase;
			buildActionMask = 2147483647;
			files = (
				035FD21913CA6C6B001B211D /* UIKit.framework in Frameworks */,
				035FD21B13CA6C6B001B211D /* Foundation.framework in Frameworks */,
				035FD21D13CA6C6B001B211D /* CoreGraphics.framework in Frameworks */,
			);
			runOnlyForDeploymentPostprocessing = 0;
		};
/* End PBXFrameworksBuildPhase section */

/* Begin PBXGroup section */
		035FD20913CA6C6B001B211D = {
			isa = PBXGroup;
			children = (
				035FD21E13CA6C6B001B211D /* ExampleAppiOS */,
				035FD21713CA6C6B001B211D /* Frameworks */,
				035FD21513CA6C6B001B211D /* Products */,
			);
			sourceTree = "<group>";
		};
		035FD21513CA6C6B001B211D /* Products */ = {
			isa = PBXGroup;
			children = (
				035FD21413CA6C6B001B211D /* ExampleAppiOS.app */,
			);
			name = Products;
			sourceTree = "<group>";
		};
		035FD21713CA6C6B001B211D /* Frameworks */ = {
			isa = PBXGroup;
			children = (
				035FD21813CA6C6B001B211D /* UIKit.framework */,
				035FD21A13CA6C6B001B211D /* Foundation.framework */,
				035FD21C13CA6C6B001B211D /* CoreGraphics.framework */,
			);
			name = Frameworks;
			sourceTree = "<group>";
		};
		035FD21E13CA6C6B001B211D /* ExampleAppiOS */ = {
			isa = PBXGroup;
			children = (
				035FD22713CA6C6B001B211D /* ExampleAppiOSAppDelegate.h */,
				035FD22813CA6C6B001B211D /* ExampleAppiOSAppDelegate.m */,
				035FD22A13CA6C6B001B211D /* MainWindow.xib */,
				035FD22D13CA6C6B001B211D /* ExampleAppiOSViewController.h */,
				035FD22E13CA6C6B001B211D /* ExampleAppiOSViewController.m */,
				035FD23013CA6C6B001B211D /* ExampleAppiOSViewController.xib */,
				035FD21F13CA6C6B001B211D /* Supporting Files */,
			);
			path = ExampleAppiOS;
			sourceTree = "<group>";
		};
		035FD21F13CA6C6B001B211D /* Supporting Files */ = {
			isa = PBXGroup;
			children = (
				035FD22013CA6C6B001B211D /* ExampleAppiOS-Info.plist */,
				035FD22113CA6C6B001B211D /* InfoPlist.strings */,
				035FD22413CA6C6B001B211D /* main.m */,
				035FD22613CA6C6B001B211D /* ExampleAppiOS-Prefix.pch */,
			);
			name = "Supporting Files";
			sourceTree = "<group>";
		};
/* End PBXGroup section */

/* Begin PBXNativeTarget section */
		035FD21313CA6C6B001B211D /* ExampleAppiOS */ = {
			isa = PBXNativeTarget;
			buildConfigurationList = 035FD23513CA6C6B001B211D /* Build configuration list for PBXNativeTarget "ExampleAppiOS" */;
			buildPhases = (
				035FD21013CA6C6B001B211D /* Sources */,
				035FD21113CA6C6B001B211D /* Frameworks */,
				035FD21213CA6C6B001B211D /* Resources */,
			);
			buildRules = (
			);
			dependencies = (
			);
			name = ExampleAppiOS;
			productName = ExampleAppiOS;
			productReference = 035FD21413CA6C6B001B211D /* ExampleAppiOS.app */;
			productType = "com.apple.product-type.application";
		};
/* End PBXNativeTarget section */

/* Begin PBXProject section */
		035FD20B13CA6C6B001B211D /* Project object */ = {
			isa = PBXProject;
			attributes = {
				ORGANIZATIONNAME = "PCWiz Computer";
			};
			buildConfigurationList = 035FD20E13CA6C6B001B211D /* Build configuration list for PBXProject "ExampleAppiOS" */;
			compatibilityVersion = "Xcode 3.2";
			developmentRegion = English;
			hasScannedForEncodings = 0;
			knownRegions = (
				en,
			);
			mainGroup = 035FD20913CA6C6B001B211D;
			productRefGroup = 035FD21513CA6C6B001B211D /* Products */;
			projectDirPath = "";
			projectRoot = "";
			targets = (
				035FD21313CA6C6B001B211D /* ExampleAppiOS */,
			);
		};
/* End PBXProject section */

/* Begin PBXResourcesBuildPhase section */
		035FD21213CA6C6B001B211D /* Resources */ = {
			isa = PBXResourcesBuildPhase;
			buildActionMask = 2147483647;
			files = (
				035FD22313CA6C6B001B211D /* InfoPlist.strings in Resources */,
				035FD22C13CA6C6B001B211D /* MainWindow.xib in Resources */,
				035FD23213CA6C6B001B211D /* ExampleAppiOSViewController.xib in Resources */,
			);
			runOnlyForDeploymentPostprocessing = 0;
		};
/* End PBXResourcesBuildPhase section */

/* Begin PBXSourcesBuildPhase section */
		035FD21013CA6C6B001B211D /* Sources */ = {
			isa = PBXSourcesBuildPhase;
			buildActionMask = 2147483647;
			files = (
				035FD22513CA6C6B001B211D /* main.m in Sources */,
				035FD22913CA6C6B001B211D /* ExampleAppiOSAppDelegate.m in Sources */,
				035FD22F13CA6C6B001B211D /* ExampleAppiOSViewController.m in Sources */,
			);
			runOnlyForDeploymentPostprocessing = 0;
		};
/* End PBXSourcesBuildPhase section */

/* Begin PBXVariantGroup section */
		035FD22113CA6C6B001B211D /* InfoPlist.strings */ = {
			isa = PBXVariantGroup;
			children = (
				035FD22213CA6C6B001B211D /* en */,
			);
			name = InfoPlist.strings;
			sourceTree = "<group>";
		};
		035FD22A13CA6C6B001B211D /* MainWindow.xib */ = {
			isa = PBXVariantGroup;
			children = (
				035FD22B13CA6C6B001B211D /* en */,
			);
			name = MainWindow.xib;
			sourceTree = "<group>";
		};
		035FD23013CA6C6B001B211D /* ExampleAppiOSViewController.xib */ = {
			isa = PBXVariantGroup;
			children = (
				035FD23113CA6C6B001B211D /* en */,
			);
			name = ExampleAppiOSViewController.xib;
			sourceTree = "<group>";
		};
/* End PBXVariantGroup section */

/* Begin XCBuildConfiguration section */
		035FD23313CA6C6B001B211D /* Debug */ = {
			isa = XCBuildConfiguration;
			buildSettings = {
				ALWAYS_SEARCH_USER_PATHS = NO;
				ARCHS = "$(ARCHS_STANDARD_32_BIT)";
				"CODE_SIGN_IDENTITY[sdk=iphoneos*]" = "iPhone Developer";
				COPY_PHASE_STRIP = NO;
				GCC_C_LANGUAGE_STANDARD = gnu99;
				GCC_DYNAMIC_NO_PIC = NO;
				GCC_OPTIMIZATION_LEVEL = 0;
				GCC_PREPROCESSOR_DEFINITIONS = (
					"DEBUG=1",
					"$(inherited)",
				);
				GCC_SYMBOLS_PRIVATE_EXTERN = NO;
				GCC_VERSION = com.apple.compilers.llvmgcc42;
				GCC_WARN_ABOUT_MISSING_PROTOTYPES = YES;
				GCC_WARN_ABOUT_RETURN_TYPE = YES;
				GCC_WARN_UNUSED_VARIABLE = YES;
				IPHONEOS_DEPLOYMENT_TARGET = 4.3;
				SDKROOT = iphoneos;
			};
			name = Debug;
		};
		035FD23413CA6C6B001B211D /* Release */ = {
			isa = XCBuildConfiguration;
			buildSettings = {
				ALWAYS_SEARCH_USER_PATHS = NO;
				ARCHS = "$(ARCHS_STANDARD_32_BIT)";
				"CODE_SIGN_IDENTITY[sdk=iphoneos*]" = "iPhone Developer";
				COPY_PHASE_STRIP = YES;
				GCC_C_LANGUAGE_STANDARD = gnu99;
				GCC_VERSION = com.apple.compilers.llvmgcc42;
				GCC_WARN_ABOUT_MISSING_PROTOTYPES = YES;
				GCC_WARN_ABOUT_RETURN_TYPE = YES;
				GCC_WARN_UNUSED_VARIABLE = YES;
				IPHONEOS_DEPLOYMENT_TARGET = 4.3;
				OTHER_CFLAGS = "-DNS_BLOCK_ASSERTIONS=1";
				SDKROOT = iphoneos;
				VALIDATE_PRODUCT = YES;
			};
			name = Release;
		};
		035FD23613CA6C6B001B211D /* Debug */ = {
			isa = XCBuildConfiguration;
			buildSettings = {
				GCC_PRECOMPILE_PREFIX_HEADER = YES;
				GCC_PREFIX_HEADER = "ExampleAppiOS/ExampleAppiOS-Prefix.pch";
				INFOPLIST_FILE = "ExampleAppiOS/ExampleAppiOS-Info.plist";
				PRODUCT_NAME = "$(TARGET_NAME)";
				WRAPPER_EXTENSION = app;
			};
			name = Debug;
		};
		035FD23713CA6C6B001B211D /* Release */ = {
			isa = XCBuildConfiguration;
			buildSettings = {
				GCC_PRECOMPILE_PREFIX_HEADER = YES;
				GCC_PREFIX_HEADER = "ExampleAppiOS/ExampleAppiOS-Prefix.pch";
				INFOPLIST_FILE = "ExampleAppiOS/ExampleAppiOS-Info.plist";
				PRODUCT_NAME = "$(TARGET_NAME)";
				WRAPPER_EXTENSION = app;
			};
			name = Release;
		};
/* End XCBuildConfiguration section */

/* Begin XCConfigurationList section */
		035FD20E13CA6C6B001B211D /* Build configuration list for PBXProject "ExampleAppiOS" */ = {
			isa = XCConfigurationList;
			buildConfigurations = (
				035FD23313CA6C6B001B211D /* Debug */,
				035FD23413CA6C6B001B211D /* Release */,
			);
			defaultConfigurationIsVisible = 0;
			defaultConfigurationName = Release;
		};
		035FD23513CA6C6B001B211D /* Build configuration list for PBXNativeTarget "ExampleAppiOS" */ = {
			isa = XCConfigurationList;
			buildConfigurations = (
				035FD23613CA6C6B001B211D /* Debug */,
				035FD23713CA6C6B001B211D /* Release */,
			);
			defaultConfigurationIsVisible = 0;
		};
/* End XCConfigurationList section */
	};
	rootObject = 035FD20B13CA6C6B001B211D /* Project object */;
}
